
Microsoft Visual Studio Solution File, Format Version 12.00
# Visual Studio 15
VisualStudioVersion = 15.0.28307.136
MinimumVisualStudioVersion = 10.0.40219.1
Project("{FAE04EC0-301F-11D3-BF4B-00C04F79EFBC}") = "Profilz", "Profilz\Profilz.csproj", "{F2FCF59F-FAC0-4D23-8075-03FC51DC8169}"
EndProject
Global
	GlobalSection(SolutionConfigurationPlatforms) = preSolution
		Debug|Any CPU = Debug|Any CPU
		Release|Any CPU = Release|Any CPU
	EndGlobalSection
	GlobalSection(ProjectConfigurationPlatforms) = postSolution
		{F2FCF59F-FAC0-4D23-8075-03FC51DC8169}.Debug|Any CPU.ActiveCfg = Debug|Any CPU
		{F2FCF59F-FAC0-4D23-8075-03FC51DC8169}.Debug|Any CPU.Build.0 = Debug|Any CPU
		{F2FCF59F-FAC0-4D23-8075-03FC51DC8169}.Release|Any CPU.ActiveCfg = Release|Any CPU
		{F2FCF59F-FAC0-4D23-8075-03FC51DC8169}.Release|Any CPU.Build.0 = Release|Any CPU
	EndGlobalSection
	GlobalSection(SolutionProperties) = preSolution
		HideSolutionNode = FALSE
	EndGlobalSection
	GlobalSection(ExtensibilityGlobals) = postSolution
		SolutionGuid = {16C656EC-DCAD-428C-A7D5-CA7E6336A3E7}
	EndGlobalSection
EndGlobal
